
Microsoft Visual Studio Solution File, Format Version 12.00
# Visual Studio Version 16
VisualStudioVersion = 16.0.31424.327
MinimumVisualStudioVersion = 10.0.40219.1
Project("{FAE04EC0-301F-11D3-BF4B-00C04F79EFBC}") = "Hangman_Jan", "Hangman_Jan.csproj", "{D3380FB3-749E-4A92-A242-927D1485A3C3}"
EndProject
Global
	GlobalSection(SolutionConfigurationPlatforms) = preSolution
		Debug|Any CPU = Debug|Any CPU
		Release|Any CPU = Release|Any CPU
	EndGlobalSection
	GlobalSection(ProjectConfigurationPlatforms) = postSolution
		{D3380FB3-749E-4A92-A242-927D1485A3C3}.Debug|Any CPU.ActiveCfg = Debug|Any CPU
		{D3380FB3-749E-4A92-A242-927D1485A3C3}.Debug|Any CPU.Build.0 = Debug|Any CPU
		{D3380FB3-749E-4A92-A242-927D1485A3C3}.Release|Any CPU.ActiveCfg = Release|Any CPU
		{D3380FB3-749E-4A92-A242-927D1485A3C3}.Release|Any CPU.Build.0 = Release|Any CPU
	EndGlobalSection
	GlobalSection(SolutionProperties) = preSolution
		HideSolutionNode = FALSE
	EndGlobalSection
	GlobalSection(ExtensibilityGlobals) = postSolution
		SolutionGuid = {937024BC-5C23-49DA-B58E-51B5F24D29C4}
	EndGlobalSection
EndGlobal
